dependencies:
- name: common
  repository: https://jochenrichter.github.io/library-charts/
  version: 4.5.2
- name: mongodb
  repository: https://charts.bitnami.com/bitnami
  version: 12.1.31
digest: sha256:5b14414371fd4999669ffb0eeddabcf9d470942fc3c658e37ad5552d80bc1af4
generated: "2022-11-21T22:15:05.558990352+01:00"
